
Microsoft Visual Studio Solution File, Format Version 12.00
Project("{FAE04EC0-301F-11D3-BF4B-00C04F79EFBC}") = "Exeption_Handaling", "Exeption_Handaling\Exeption_Handaling.csproj", "{94AD93A8-6501-4EE2-A634-55CE2B41CDFE}"
EndProject
Global
	GlobalSection(SolutionConfigurationPlatforms) = preSolution
		Debug|Any CPU = Debug|Any CPU
		Release|Any CPU = Release|Any CPU
	EndGlobalSection
	GlobalSection(ProjectConfigurationPlatforms) = postSolution
		{94AD93A8-6501-4EE2-A634-55CE2B41CDFE}.Debug|Any CPU.ActiveCfg = Debug|Any CPU
		{94AD93A8-6501-4EE2-A634-55CE2B41CDFE}.Debug|Any CPU.Build.0 = Debug|Any CPU
		{94AD93A8-6501-4EE2-A634-55CE2B41CDFE}.Release|Any CPU.ActiveCfg = Release|Any CPU
		{94AD93A8-6501-4EE2-A634-55CE2B41CDFE}.Release|Any CPU.Build.0 = Release|Any CPU
	EndGlobalSection
EndGlobal
